
Microsoft Visual Studio Solution File, Format Version 12.00
# Visual Studio Version 17
VisualStudioVersion = 17.13.35931.197 d17.13
MinimumVisualStudioVersion = 10.0.40219.1
Project("{FAE04EC0-301F-11D3-BF4B-00C04F79EFBC}") = "clase 13-06", "clase 13-06.csproj", "{A175D963-F763-4E8D-A2DC-3377250F9032}"
EndProject
Global
	GlobalSection(SolutionConfigurationPlatforms) = preSolution
		Debug|Any CPU = Debug|Any CPU
		Release|Any CPU = Release|Any CPU
	EndGlobalSection
	GlobalSection(ProjectConfigurationPlatforms) = postSolution
		{A175D963-F763-4E8D-A2DC-3377250F9032}.Debug|Any CPU.ActiveCfg = Debug|Any CPU
		{A175D963-F763-4E8D-A2DC-3377250F9032}.Debug|Any CPU.Build.0 = Debug|Any CPU
		{A175D963-F763-4E8D-A2DC-3377250F9032}.Release|Any CPU.ActiveCfg = Release|Any CPU
		{A175D963-F763-4E8D-A2DC-3377250F9032}.Release|Any CPU.Build.0 = Release|Any CPU
	EndGlobalSection
	GlobalSection(SolutionProperties) = preSolution
		HideSolutionNode = FALSE
	EndGlobalSection
	GlobalSection(ExtensibilityGlobals) = postSolution
		SolutionGuid = {751A5C09-A349-4350-94AB-2ABBCEFA074D}
	EndGlobalSection
EndGlobal
